
Microsoft Visual Studio Solution File, Format Version 12.00
# Visual Studio Version 16
VisualStudioVersion = 16.0.30621.155
MinimumVisualStudioVersion = 10.0.40219.1
Project("{FAE04EC0-301F-11D3-BF4B-00C04F79EFBC}") = "registration", "registration\registration.csproj", "{BF9C44A8-D5B7-49C2-889A-FB50E53BD139}"
EndProject
Global
	GlobalSection(SolutionConfigurationPlatforms) = preSolution
		Debug|Any CPU = Debug|Any CPU
		Release|Any CPU = Release|Any CPU
	EndGlobalSection
	GlobalSection(ProjectConfigurationPlatforms) = postSolution
		{BF9C44A8-D5B7-49C2-889A-FB50E53BD139}.Debug|Any CPU.ActiveCfg = Debug|Any CPU
		{BF9C44A8-D5B7-49C2-889A-FB50E53BD139}.Debug|Any CPU.Build.0 = Debug|Any CPU
		{BF9C44A8-D5B7-49C2-889A-FB50E53BD139}.Release|Any CPU.ActiveCfg = Release|Any CPU
		{BF9C44A8-D5B7-49C2-889A-FB50E53BD139}.Release|Any CPU.Build.0 = Release|Any CPU
	EndGlobalSection
	GlobalSection(SolutionProperties) = preSolution
		HideSolutionNode = FALSE
	EndGlobalSection
	GlobalSection(ExtensibilityGlobals) = postSolution
		SolutionGuid = {55EBC738-8253-4487-A43A-1B477DD9E881}
	EndGlobalSection
EndGlobal
